// !$*UTF8*$!
{
	archiveVersion = 1;
	classes = {
	};
	objectVersion = 56;
	objects = {

/* Begin PBXBuildFile section */
		ACEB4741290A242E0076630E /* DayEarnApp.swift in Sources */ = {isa = PBXBuildFile; fileRef = ACEB4740290A242E0076630E /* DayEarnApp.swift */; };
		ACEB4743290A242E0076630E /* ContentView.swift in Sources */ = {isa = PBXBuildFile; fileRef = ACEB4742290A242E0076630E /* ContentView.swift */; };
		ACEB4745290A242F0076630E /* Assets.xcassets in Resources */ = {isa = PBXBuildFile; fileRef = ACEB4744290A242F0076630E /* Assets.xcassets */; };
		ACEB4748290A242F0076630E /* Preview Assets.xcassets in Resources */ = {isa = PBXBuildFile; fileRef = ACEB4747290A242F0076630E /* Preview Assets.xcassets */; };
		ACEB4750290A24950076630E /* Khach.swift in Sources */ = {isa = PBXBuildFile; fileRef = ACEB474F290A24950076630E /* Khach.swift */; };
		ACEB4752290A24F30076630E /* Service.swift in Sources */ = {isa = PBXBuildFile; fileRef = ACEB4751290A24F30076630E /* Service.swift */; };
		ACEB4754290A25290076630E /* KhachData.swift in Sources */ = {isa = PBXBuildFile; fileRef = ACEB4753290A25290076630E /* KhachData.swift */; };
		ACEB4756290A254D0076630E /* Technician.swift in Sources */ = {isa = PBXBuildFile; fileRef = ACEB4755290A254D0076630E /* Technician.swift */; };
		ACEB4759290A25CC0076630E /* ClientList.swift in Sources */ = {isa = PBXBuildFile; fileRef = ACEB4758290A25CC0076630E /* ClientList.swift */; };
		ACEB475B290A26140076630E /* XapSep.swift in Sources */ = {isa = PBXBuildFile; fileRef = ACEB475A290A26140076630E /* XapSep.swift */; };
		ACEB475D290A26330076630E /* ClientEdit.swift in Sources */ = {isa = PBXBuildFile; fileRef = ACEB475C290A26330076630E /* ClientEdit.swift */; };
		ACEB475F290A265E0076630E /* KhachRow.swift in Sources */ = {isa = PBXBuildFile; fileRef = ACEB475E290A265E0076630E /* KhachRow.swift */; };
		ACEB4761290A26870076630E /* ClientDetail.swift in Sources */ = {isa = PBXBuildFile; fileRef = ACEB4760290A26870076630E /* ClientDetail.swift */; };
		ACEB4763290A26B20076630E /* ServiceView.swift in Sources */ = {isa = PBXBuildFile; fileRef = ACEB4762290A26B20076630E /* ServiceView.swift */; };
		ACEB4765290A26CF0076630E /* NewService.swift in Sources */ = {isa = PBXBuildFile; fileRef = ACEB4764290A26CF0076630E /* NewService.swift */; };
/* End PBXBuildFile section */

/* Begin PBXFileReference section */
		ACEB473D290A242E0076630E /* DayEarn.app */ = {isa = PBXFileReference; explicitFileType = wrapper.application; includeInIndex = 0; path = DayEarn.app; sourceTree = BUILT_PRODUCTS_DIR; };
		ACEB4740290A242E0076630E /* DayEarnApp.swift */ = {isa = PBXFileReference; lastKnownFileType = sourcecode.swift; path = DayEarnApp.swift; sourceTree = "<group>"; };
		ACEB4742290A242E0076630E /* ContentView.swift */ = {isa = PBXFileReference; lastKnownFileType = sourcecode.swift; path = ContentView.swift; sourceTree = "<group>"; };
		ACEB4744290A242F0076630E /* Assets.xcassets */ = {isa = PBXFileReference; lastKnownFileType = folder.assetcatalog; path = Assets.xcassets; sourceTree = "<group>"; };
		ACEB4747290A242F0076630E /* Preview Assets.xcassets */ = {isa = PBXFileReference; lastKnownFileType = folder.assetcatalog; path = "Preview Assets.xcassets"; sourceTree = "<group>"; };
		ACEB474F290A24950076630E /* Khach.swift */ = {isa = PBXFileReference; lastKnownFileType = sourcecode.swift; path = Khach.swift; sourceTree = "<group>"; };
		ACEB4751290A24F30076630E /* Service.swift */ = {isa = PBXFileReference; lastKnownFileType = sourcecode.swift; path = Service.swift; sourceTree = "<group>"; };
		ACEB4753290A25290076630E /* KhachData.swift */ = {isa = PBXFileReference; lastKnownFileType = sourcecode.swift; path = KhachData.swift; sourceTree = "<group>"; };
		ACEB4755290A254D0076630E /* Technician.swift */ = {isa = PBXFileReference; lastKnownFileType = sourcecode.swift; path = Technician.swift; sourceTree = "<group>"; };
		ACEB4758290A25CC0076630E /* ClientList.swift */ = {isa = PBXFileReference; lastKnownFileType = sourcecode.swift; path = ClientList.swift; sourceTree = "<group>"; };
		ACEB475A290A26140076630E /* XapSep.swift */ = {isa = PBXFileReference; lastKnownFileType = sourcecode.swift; path = XapSep.swift; sourceTree = "<group>"; };
		ACEB475C290A26330076630E /* ClientEdit.swift */ = {isa = PBXFileReference; lastKnownFileType = sourcecode.swift; path = ClientEdit.swift; sourceTree = "<group>"; };
		ACEB475E290A265E0076630E /* KhachRow.swift */ = {isa = PBXFileReference; lastKnownFileType = sourcecode.swift; path = KhachRow.swift; sourceTree = "<group>"; };
		ACEB4760290A26870076630E /* ClientDetail.swift */ = {isa = PBXFileReference; lastKnownFileType = sourcecode.swift; path = ClientDetail.swift; sourceTree = "<group>"; };
		ACEB4762290A26B20076630E /* ServiceView.swift */ = {isa = PBXFileReference; lastKnownFileType = sourcecode.swift; path = ServiceView.swift; sourceTree = "<group>"; };
		ACEB4764290A26CF0076630E /* NewService.swift */ = {isa = PBXFileReference; lastKnownFileType = sourcecode.swift; path = NewService.swift; sourceTree = "<group>"; };
/* End PBXFileReference section */

/* Begin PBXFrameworksBuildPhase section */
		ACEB473A290A242E0076630E /* Frameworks */ = {
			isa = PBXFrameworksBuildPhase;
			buildActionMask = 2147483647;
			files = (
			);
			runOnlyForDeploymentPostprocessing = 0;
		};
/* End PBXFrameworksBuildPhase section */

/* Begin PBXGroup section */
		ACEB4734290A242E0076630E = {
			isa = PBXGroup;
			children = (
				ACEB473F290A242E0076630E /* DayEarn */,
				ACEB473E290A242E0076630E /* Products */,
			);
			sourceTree = "<group>";
		};
		ACEB473E290A242E0076630E /* Products */ = {
			isa = PBXGroup;
			children = (
				ACEB473D290A242E0076630E /* DayEarn.app */,
			);
			name = Products;
			sourceTree = "<group>";
		};
		ACEB473F290A242E0076630E /* DayEarn */ = {
			isa = PBXGroup;
			children = (
				ACEB4740290A242E0076630E /* DayEarnApp.swift */,
				ACEB4757290A25850076630E /* view */,
				ACEB474E290A24750076630E /* model */,
				ACEB4744290A242F0076630E /* Assets.xcassets */,
				ACEB4746290A242F0076630E /* Preview Content */,
			);
			path = DayEarn;
			sourceTree = "<group>";
		};
		ACEB4746290A242F0076630E /* Preview Content */ = {
			isa = PBXGroup;
			children = (
				ACEB4747290A242F0076630E /* Preview Assets.xcassets */,
			);
			path = "Preview Content";
			sourceTree = "<group>";
		};
		ACEB474E290A24750076630E /* model */ = {
			isa = PBXGroup;
			children = (
				ACEB474F290A24950076630E /* Khach.swift */,
				ACEB4753290A25290076630E /* KhachData.swift */,
				ACEB4755290A254D0076630E /* Technician.swift */,
				ACEB4751290A24F30076630E /* Service.swift */,
			);
			path = model;
			sourceTree = "<group>";
		};
		ACEB4757290A25850076630E /* view */ = {
			isa = PBXGroup;
			children = (
				ACEB4742290A242E0076630E /* ContentView.swift */,
				ACEB4758290A25CC0076630E /* ClientList.swift */,
				ACEB475A290A26140076630E /* XapSep.swift */,
				ACEB475C290A26330076630E /* ClientEdit.swift */,
				ACEB475E290A265E0076630E /* KhachRow.swift */,
				ACEB4760290A26870076630E /* ClientDetail.swift */,
				ACEB4762290A26B20076630E /* ServiceView.swift */,
				ACEB4764290A26CF0076630E /* NewService.swift */,
			);
			path = view;
			sourceTree = "<group>";
		};
/* End PBXGroup section */

/* Begin PBXNativeTarget section */
		ACEB473C290A242E0076630E /* DayEarn */ = {
			isa = PBXNativeTarget;
			buildConfigurationList = ACEB474B290A242F0076630E /* Build configuration list for PBXNativeTarget "DayEarn" */;
			buildPhases = (
				ACEB4739290A242E0076630E /* Sources */,
				ACEB473A290A242E0076630E /* Frameworks */,
				ACEB473B290A242E0076630E /* Resources */,
			);
			buildRules = (
			);
			dependencies = (
			);
			name = DayEarn;
			productName = DayEarn;
			productReference = ACEB473D290A242E0076630E /* DayEarn.app */;
			productType = "com.apple.product-type.application";
		};
/* End PBXNativeTarget section */

/* Begin PBXProject section */
		ACEB4735290A242E0076630E /* Project object */ = {
			isa = PBXProject;
			attributes = {
				BuildIndependentTargetsInParallel = 1;
				LastSwiftUpdateCheck = 1410;
				LastUpgradeCheck = 1410;
				TargetAttributes = {
					ACEB473C290A242E0076630E = {
						CreatedOnToolsVersion = 14.1;
					};
				};
			};
			buildConfigurationList = ACEB4738290A242E0076630E /* Build configuration list for PBXProject "DayEarn" */;
			compatibilityVersion = "Xcode 14.0";
			developmentRegion = en;
			hasScannedForEncodings = 0;
			knownRegions = (
				en,
				Base,
			);
			mainGroup = ACEB4734290A242E0076630E;
			productRefGroup = ACEB473E290A242E0076630E /* Products */;
			projectDirPath = "";
			projectRoot = "";
			targets = (
				ACEB473C290A242E0076630E /* DayEarn */,
			);
		};
/* End PBXProject section */

/* Begin PBXResourcesBuildPhase section */
		ACEB473B290A242E0076630E /* Resources */ = {
			isa = PBXResourcesBuildPhase;
			buildActionMask = 2147483647;
			files = (
				ACEB4748290A242F0076630E /* Preview Assets.xcassets in Resources */,
				ACEB4745290A242F0076630E /* Assets.xcassets in Resources */,
			);
			runOnlyForDeploymentPostprocessing = 0;
		};
/* End PBXResourcesBuildPhase section */

/* Begin PBXSourcesBuildPhase section */
		ACEB4739290A242E0076630E /* Sources */ = {
			isa = PBXSourcesBuildPhase;
			buildActionMask = 2147483647;
			files = (
				ACEB475F290A265E0076630E /* KhachRow.swift in Sources */,
				ACEB4761290A26870076630E /* ClientDetail.swift in Sources */,
				ACEB475B290A26140076630E /* XapSep.swift in Sources */,
				ACEB475D290A26330076630E /* ClientEdit.swift in Sources */,
				ACEB4763290A26B20076630E /* ServiceView.swift in Sources */,
				ACEB4743290A242E0076630E /* ContentView.swift in Sources */,
				ACEB4752290A24F30076630E /* Service.swift in Sources */,
				ACEB4741290A242E0076630E /* DayEarnApp.swift in Sources */,
				ACEB4759290A25CC0076630E /* ClientList.swift in Sources */,
				ACEB4765290A26CF0076630E /* NewService.swift in Sources */,
				ACEB4756290A254D0076630E /* Technician.swift in Sources */,
				ACEB4754290A25290076630E /* KhachData.swift in Sources */,
				ACEB4750290A24950076630E /* Khach.swift in Sources */,
			);
			runOnlyForDeploymentPostprocessing = 0;
		};
/* End PBXSourcesBuildPhase section */

/* Begin XCBuildConfiguration section */
		ACEB4749290A242F0076630E /* Debug */ = {
			isa = XCBuildConfiguration;
			buildSettings = {
				ALWAYS_SEARCH_USER_PATHS = NO;
				CLANG_ANALYZER_NONNULL = YES;
				CLANG_ANALYZER_NUMBER_OBJECT_CONVERSION = YES_AGGRESSIVE;
				CLANG_CXX_LANGUAGE_STANDARD = "gnu++20";
				CLANG_ENABLE_MODULES = YES;
				CLANG_ENABLE_OBJC_ARC = YES;
				CLANG_ENABLE_OBJC_WEAK = YES;
				CLANG_WARN_BLOCK_CAPTURE_AUTORELEASING = YES;
				CLANG_WARN_BOOL_CONVERSION = YES;
				CLANG_WARN_COMMA = YES;
				CLANG_WARN_CONSTANT_CONVERSION = YES;
				CLANG_WARN_DEPRECATED_OBJC_IMPLEMENTATIONS = YES;
				CLANG_WARN_DIRECT_OBJC_ISA_USAGE = YES_ERROR;
				CLANG_WARN_DOCUMENTATION_COMMENTS = YES;
				CLANG_WARN_EMPTY_BODY = YES;
				CLANG_WARN_ENUM_CONVERSION = YES;
				CLANG_WARN_INFINITE_RECURSION = YES;
				CLANG_WARN_INT_CONVERSION = YES;
				CLANG_WARN_NON_LITERAL_NULL_CONVERSION = YES;
				CLANG_WARN_OBJC_IMPLICIT_RETAIN_SELF = YES;
				CLANG_WARN_OBJC_LITERAL_CONVERSION = YES;
				CLANG_WARN_OBJC_ROOT_CLASS = YES_ERROR;
				CLANG_WARN_QUOTED_INCLUDE_IN_FRAMEWORK_HEADER = YES;
				CLANG_WARN_RANGE_LOOP_ANALYSIS = YES;
				CLANG_WARN_STRICT_PROTOTYPES = YES;
				CLANG_WARN_SUSPICIOUS_MOVE = YES;
				CLANG_WARN_UNGUARDED_AVAILABILITY = YES_AGGRESSIVE;
				CLANG_WARN_UNREACHABLE_CODE = YES;
				CLANG_WARN__DUPLICATE_METHOD_MATCH = YES;
				COPY_PHASE_STRIP = NO;
				DEBUG_INFORMATION_FORMAT = dwarf;
				ENABLE_STRICT_OBJC_MSGSEND = YES;
				ENABLE_TESTABILITY = YES;
				GCC_C_LANGUAGE_STANDARD = gnu11;
				GCC_DYNAMIC_NO_PIC = NO;
				GCC_NO_COMMON_BLOCKS = YES;
				GCC_OPTIMIZATION_LEVEL = 0;
				GCC_PREPROCESSOR_DEFINITIONS = (
					"DEBUG=1",
					"$(inherited)",
				);
				GCC_WARN_64_TO_32_BIT_CONVERSION = YES;
				GCC_WARN_ABOUT_RETURN_TYPE = YES_ERROR;
				GCC_WARN_UNDECLARED_SELECTOR = YES;
				GCC_WARN_UNINITIALIZED_AUTOS = YES_AGGRESSIVE;
				GCC_WARN_UNUSED_FUNCTION = YES;
				GCC_WARN_UNUSED_VARIABLE = YES;
				IPHONEOS_DEPLOYMENT_TARGET = 16.1;
				MTL_ENABLE_DEBUG_INFO = INCLUDE_SOURCE;
				MTL_FAST_MATH = YES;
				ONLY_ACTIVE_ARCH = YES;
				SDKROOT = iphoneos;
				SWIFT_ACTIVE_COMPILATION_CONDITIONS = DEBUG;
				SWIFT_OPTIMIZATION_LEVEL = "-Onone";
			};
			name = Debug;
		};
		ACEB474A290A242F0076630E /* Release */ = {
			isa = XCBuildConfiguration;
			buildSettings = {
				ALWAYS_SEARCH_USER_PATHS = NO;
				CLANG_ANALYZER_NONNULL = YES;
				CLANG_ANALYZER_NUMBER_OBJECT_CONVERSION = YES_AGGRESSIVE;
				CLANG_CXX_LANGUAGE_STANDARD = "gnu++20";
				CLANG_ENABLE_MODULES = YES;
				CLANG_ENABLE_OBJC_ARC = YES;
				CLANG_ENABLE_OBJC_WEAK = YES;
				CLANG_WARN_BLOCK_CAPTURE_AUTORELEASING = YES;
				CLANG_WARN_BOOL_CONVERSION = YES;
				CLANG_WARN_COMMA = YES;
				CLANG_WARN_CONSTANT_CONVERSION = YES;
				CLANG_WARN_DEPRECATED_OBJC_IMPLEMENTATIONS = YES;
				CLANG_WARN_DIRECT_OBJC_ISA_USAGE = YES_ERROR;
				CLANG_WARN_DOCUMENTATION_COMMENTS = YES;
				CLANG_WARN_EMPTY_BODY = YES;
				CLANG_WARN_ENUM_CONVERSION = YES;
				CLANG_WARN_INFINITE_RECURSION = YES;
				CLANG_WARN_INT_CONVERSION = YES;
				CLANG_WARN_NON_LITERAL_NULL_CONVERSION = YES;
				CLANG_WARN_OBJC_IMPLICIT_RETAIN_SELF = YES;
				CLANG_WARN_OBJC_LITERAL_CONVERSION = YES;
				CLANG_WARN_OBJC_ROOT_CLASS = YES_ERROR;
				CLANG_WARN_QUOTED_INCLUDE_IN_FRAMEWORK_HEADER = YES;
				CLANG_WARN_RANGE_LOOP_ANALYSIS = YES;
				CLANG_WARN_STRICT_PROTOTYPES = YES;
				CLANG_WARN_SUSPICIOUS_MOVE = YES;
				CLANG_WARN_UNGUARDED_AVAILABILITY = YES_AGGRESSIVE;
				CLANG_WARN_UNREACHABLE_CODE = YES;
				CLANG_WARN__DUPLICATE_METHOD_MATCH = YES;
				COPY_PHASE_STRIP = NO;
				DEBUG_INFORMATION_FORMAT = "dwarf-with-dsym";
				ENABLE_NS_ASSERTIONS = NO;
				ENABLE_STRICT_OBJC_MSGSEND = YES;
				GCC_C_LANGUAGE_STANDARD = gnu11;
				GCC_NO_COMMON_BLOCKS = YES;
				GCC_WARN_64_TO_32_BIT_CONVERSION = YES;
				GCC_WARN_ABOUT_RETURN_TYPE = YES_ERROR;
				GCC_WARN_UNDECLARED_SELECTOR = YES;
				GCC_WARN_UNINITIALIZED_AUTOS = YES_AGGRESSIVE;
				GCC_WARN_UNUSED_FUNCTION = YES;
				GCC_WARN_UNUSED_VARIABLE = YES;
				IPHONEOS_DEPLOYMENT_TARGET = 16.1;
				MTL_ENABLE_DEBUG_INFO = NO;
				MTL_FAST_MATH = YES;
				SDKROOT = iphoneos;
				SWIFT_COMPILATION_MODE = wholemodule;
				SWIFT_OPTIMIZATION_LEVEL = "-O";
				VALIDATE_PRODUCT = YES;
			};
			name = Release;
		};
		ACEB474C290A242F0076630E /* Debug */ = {
			isa = XCBuildConfiguration;
			buildSettings = {
				ASSETCATALOG_COMPILER_APPICON_NAME = AppIcon;
				ASSETCATALOG_COMPILER_GLOBAL_ACCENT_COLOR_NAME = AccentColor;
				CODE_SIGN_STYLE = Automatic;
				CURRENT_PROJECT_VERSION = 1;
				DEVELOPMENT_ASSET_PATHS = "\"DayEarn/Preview Content\"";
				DEVELOPMENT_TEAM = T9MS7UD3T7;
				ENABLE_PREVIEWS = YES;
				GENERATE_INFOPLIST_FILE = YES;
				INFOPLIST_KEY_UIApplicationSceneManifest_Generation = YES;
				INFOPLIST_KEY_UIApplicationSupportsIndirectInputEvents = YES;
				INFOPLIST_KEY_UILaunchScreen_Generation = YES;
				INFOPLIST_KEY_UISupportedInterfaceOrientations_iPad = "UIInterfaceOrientationPortrait UIInterfaceOrientationPortraitUpsideDown UIInterfaceOrientationLandscapeLeft UIInterfaceOrientationLandscapeRight";
				INFOPLIST_KEY_UISupportedInterfaceOrientations_iPhone = "UIInterfaceOrientationPortrait UIInterfaceOrientationLandscapeLeft UIInterfaceOrientationLandscapeRight";
				LD_RUNPATH_SEARCH_PATHS = (
					"$(inherited)",
					"@executable_path/Frameworks",
				);
				MARKETING_VERSION = 1.0;
				PRODUCT_BUNDLE_IDENTIFIER = quang.DayEarn;
				PRODUCT_NAME = "$(TARGET_NAME)";
				SWIFT_EMIT_LOC_STRINGS = YES;
				SWIFT_VERSION = 5.0;
				TARGETED_DEVICE_FAMILY = "1,2";
			};
			name = Debug;
		};
		ACEB474D290A242F0076630E /* Release */ = {
			isa = XCBuildConfiguration;
			buildSettings = {
				ASSETCATALOG_COMPILER_APPICON_NAME = AppIcon;
				ASSETCATALOG_COMPILER_GLOBAL_ACCENT_COLOR_NAME = AccentColor;
				CODE_SIGN_STYLE = Automatic;
				CURRENT_PROJECT_VERSION = 1;
				DEVELOPMENT_ASSET_PATHS = "\"DayEarn/Preview Content\"";
				DEVELOPMENT_TEAM = T9MS7UD3T7;
				ENABLE_PREVIEWS = YES;
				GENERATE_INFOPLIST_FILE = YES;
				INFOPLIST_KEY_UIApplicationSceneManifest_Generation = YES;
				INFOPLIST_KEY_UIApplicationSupportsIndirectInputEvents = YES;
				INFOPLIST_KEY_UILaunchScreen_Generation = YES;
				INFOPLIST_KEY_UISupportedInterfaceOrientations_iPad = "UIInterfaceOrientationPortrait UIInterfaceOrientationPortraitUpsideDown UIInterfaceOrientationLandscapeLeft UIInterfaceOrientationLandscapeRight";
				INFOPLIST_KEY_UISupportedInterfaceOrientations_iPhone = "UIInterfaceOrientationPortrait UIInterfaceOrientationLandscapeLeft UIInterfaceOrientationLandscapeRight";
				LD_RUNPATH_SEARCH_PATHS = (
					"$(inherited)",
					"@executable_path/Frameworks",
				);
				MARKETING_VERSION = 1.0;
				PRODUCT_BUNDLE_IDENTIFIER = quang.DayEarn;
				PRODUCT_NAME = "$(TARGET_NAME)";
				SWIFT_EMIT_LOC_STRINGS = YES;
				SWIFT_VERSION = 5.0;
				TARGETED_DEVICE_FAMILY = "1,2";
			};
			name = Release;
		};
/* End XCBuildConfiguration section */

/* Begin XCConfigurationList section */
		ACEB4738290A242E0076630E /* Build configuration list for PBXProject "DayEarn" */ = {
			isa = XCConfigurationList;
			buildConfigurations = (
				ACEB4749290A242F0076630E /* Debug */,
				ACEB474A290A242F0076630E /* Release */,
			);
			defaultConfigurationIsVisible = 0;
			defaultConfigurationName = Release;
		};
		ACEB474B290A242F0076630E /* Build configuration list for PBXNativeTarget "DayEarn" */ = {
			isa = XCConfigurationList;
			buildConfigurations = (
				ACEB474C290A242F0076630E /* Debug */,
				ACEB474D290A242F0076630E /* Release */,
			);
			defaultConfigurationIsVisible = 0;
			defaultConfigurationName = Release;
		};
/* End XCConfigurationList section */
	};
	rootObject = ACEB4735290A242E0076630E /* Project object */;
}
